{
    "_readme": [
        "This file locks the dependencies of your project to a known state",
        "Read more about it at https://getcomposer.org/doc/01-basic-usage.md#installing-dependencies",
        "This file is @generated automatically"
    ],
    "content-hash": "b7da3fa4bd668f1ddb261d0e756d613f",
    "packages": [
        {
            "name": "ariana-97/my-core",
            "version": "v1.0.1",
            "source": {
                "type": "git",
                "url": "https://github.com/BjrnBlgma/MyCore.git",
                "reference": "30ad4f8e3fd2cb3bd3b5999be00339a1679f931a"
            },
            "dist": {
                "type": "zip",
                "url": "https://api.github.com/repos/BjrnBlgma/MyCore/zipball/30ad4f8e3fd2cb3bd3b5999be00339a1679f931a",
                "reference": "30ad4f8e3fd2cb3bd3b5999be00339a1679f931a",
                "shasum": ""
            },
            "type": "library",
            "autoload": {
                "psr-4": {
                    "Core\\": "src/"
                }
            },
            "notification-url": "https://packagist.org/downloads/",
            "authors": [
                {
                    "name": "Ariana",
                    "email": "dondupova1997@mail.ru"
                }
            ],
            "support": {
                "issues": "https://github.com/BjrnBlgma/MyCore/issues",
                "source": "https://github.com/BjrnBlgma/MyCore/tree/v1.0.1"
            },
            "time": "2024-11-19T14:16:41+00:00"
        }
    ],
    "packages-dev": [],
    "aliases": [],
    "minimum-stability": "stable",
    "stability-flags": [],
    "prefer-stable": false,
    "prefer-lowest": false,
    "platform": [],
    "platform-dev": [],
    "plugin-api-version": "2.6.0"
}
